
Microsoft Visual Studio Solution File, Format Version 12.00
Project("{FAE04EC0-301F-11D3-BF4B-00C04F79EFBC}") = "RronTests", "RronTests\RronTests.csproj", "{15ECA930-636D-44E5-9413-3A5FA6081205}"
EndProject
Project("{FAE04EC0-301F-11D3-BF4B-00C04F79EFBC}") = "RRON", "RRON\RRON.csproj", "{5EC65549-B336-433A-81D6-F998710E6A25}"
EndProject
Global
	GlobalSection(SolutionConfigurationPlatforms) = preSolution
		Debug|Any CPU = Debug|Any CPU
		Release|Any CPU = Release|Any CPU
	EndGlobalSection
	GlobalSection(ProjectConfigurationPlatforms) = postSolution
		{15ECA930-636D-44E5-9413-3A5FA6081205}.Debug|Any CPU.ActiveCfg = Debug|Any CPU
		{15ECA930-636D-44E5-9413-3A5FA6081205}.Debug|Any CPU.Build.0 = Debug|Any CPU
		{15ECA930-636D-44E5-9413-3A5FA6081205}.Release|Any CPU.ActiveCfg = Release|Any CPU
		{15ECA930-636D-44E5-9413-3A5FA6081205}.Release|Any CPU.Build.0 = Release|Any CPU
		{5EC65549-B336-433A-81D6-F998710E6A25}.Debug|Any CPU.ActiveCfg = Debug|Any CPU
		{5EC65549-B336-433A-81D6-F998710E6A25}.Debug|Any CPU.Build.0 = Debug|Any CPU
		{5EC65549-B336-433A-81D6-F998710E6A25}.Release|Any CPU.ActiveCfg = Release|Any CPU
		{5EC65549-B336-433A-81D6-F998710E6A25}.Release|Any CPU.Build.0 = Release|Any CPU
	EndGlobalSection
EndGlobal
